
Microsoft Visual Studio Solution File, Format Version 12.00
# Visual Studio 15
VisualStudioVersion = 15.0.28307.1622
MinimumVisualStudioVersion = 10.0.40219.1
Project("{FAE04EC0-301F-11D3-BF4B-00C04F79EFBC}") = "DataAnnotationDemo", "DataAnnotationDemo\DataAnnotationDemo.csproj", "{4F1CC096-C16E-4879-92C6-1D4930552FCF}"
EndProject
Global
	GlobalSection(SolutionConfigurationPlatforms) = preSolution
		Debug|Any CPU = Debug|Any CPU
		Release|Any CPU = Release|Any CPU
	EndGlobalSection
	GlobalSection(ProjectConfigurationPlatforms) = postSolution
		{4F1CC096-C16E-4879-92C6-1D4930552FCF}.Debug|Any CPU.ActiveCfg = Debug|Any CPU
		{4F1CC096-C16E-4879-92C6-1D4930552FCF}.Debug|Any CPU.Build.0 = Debug|Any CPU
		{4F1CC096-C16E-4879-92C6-1D4930552FCF}.Release|Any CPU.ActiveCfg = Release|Any CPU
		{4F1CC096-C16E-4879-92C6-1D4930552FCF}.Release|Any CPU.Build.0 = Release|Any CPU
	EndGlobalSection
	GlobalSection(SolutionProperties) = preSolution
		HideSolutionNode = FALSE
	EndGlobalSection
	GlobalSection(ExtensibilityGlobals) = postSolution
		SolutionGuid = {72039338-5800-4CDD-9C32-1A1DCE289B97}
	EndGlobalSection
EndGlobal
